
Microsoft Visual Studio Solution File, Format Version 12.00
# Visual Studio 15
VisualStudioVersion = 15.0.27004.2005
MinimumVisualStudioVersion = 10.0.40219.1
Project("{FAE04EC0-301F-11D3-BF4B-00C04F79EFBC}") = "cutter", "cutter\cutter.csproj", "{E7A96211-1BF4-4663-9EFF-3E14B7E4480F}"
EndProject
Project("{FAE04EC0-301F-11D3-BF4B-00C04F79EFBC}") = "cutter-test", "cutter-test\cutter-test.csproj", "{8E2560AA-890D-46B9-A8B9-2B99025A18DC}"
EndProject
Global
	GlobalSection(SolutionConfigurationPlatforms) = preSolution
		Debug|Any CPU = Debug|Any CPU
		Release|Any CPU = Release|Any CPU
	EndGlobalSection
	GlobalSection(ProjectConfigurationPlatforms) = postSolution
		{E7A96211-1BF4-4663-9EFF-3E14B7E4480F}.Debug|Any CPU.ActiveCfg = Debug|Any CPU
		{E7A96211-1BF4-4663-9EFF-3E14B7E4480F}.Debug|Any CPU.Build.0 = Debug|Any CPU
		{E7A96211-1BF4-4663-9EFF-3E14B7E4480F}.Release|Any CPU.ActiveCfg = Release|Any CPU
		{E7A96211-1BF4-4663-9EFF-3E14B7E4480F}.Release|Any CPU.Build.0 = Release|Any CPU
		{8E2560AA-890D-46B9-A8B9-2B99025A18DC}.Debug|Any CPU.ActiveCfg = Debug|Any CPU
		{8E2560AA-890D-46B9-A8B9-2B99025A18DC}.Debug|Any CPU.Build.0 = Debug|Any CPU
		{8E2560AA-890D-46B9-A8B9-2B99025A18DC}.Release|Any CPU.ActiveCfg = Release|Any CPU
		{8E2560AA-890D-46B9-A8B9-2B99025A18DC}.Release|Any CPU.Build.0 = Release|Any CPU
	EndGlobalSection
	GlobalSection(SolutionProperties) = preSolution
		HideSolutionNode = FALSE
	EndGlobalSection
	GlobalSection(ExtensibilityGlobals) = postSolution
		SolutionGuid = {CB9277E8-AF03-4366-85CA-8D4A20A2DDBB}
	EndGlobalSection
EndGlobal
